// !$*UTF8*$!
{
	archiveVersion = 1;
	classes = {
	};
	objectVersion = 50;
	objects = {

/* Begin PBXBuildFile section */
		541E350D23887ED100BBCE31 /* AppDelegate.swift in Sources */ = {isa = PBXBuildFile; fileRef = 541E350C23887ED100BBCE31 /* AppDelegate.swift */; };
		541E350F23887ED100BBCE31 /* SceneDelegate.swift in Sources */ = {isa = PBXBuildFile; fileRef = 541E350E23887ED100BBCE31 /* SceneDelegate.swift */; };
		541E351123887ED100BBCE31 /* ContentView.swift in Sources */ = {isa = PBXBuildFile; fileRef = 541E351023887ED100BBCE31 /* ContentView.swift */; };
		541E351323887ED400BBCE31 /* Assets.xcassets in Resources */ = {isa = PBXBuildFile; fileRef = 541E351223887ED400BBCE31 /* Assets.xcassets */; };
		541E351623887ED400BBCE31 /* Preview Assets.xcassets in Resources */ = {isa = PBXBuildFile; fileRef = 541E351523887ED400BBCE31 /* Preview Assets.xcassets */; };
		541E351923887ED400BBCE31 /* LaunchScreen.storyboard in Resources */ = {isa = PBXBuildFile; fileRef = 541E351723887ED400BBCE31 /* LaunchScreen.storyboard */; };
		541E35232388884F00BBCE31 /* minutes.json in Resources */ = {isa = PBXBuildFile; fileRef = 541E35212388884F00BBCE31 /* minutes.json */; };
		541E35242388884F00BBCE31 /* questions.json in Resources */ = {isa = PBXBuildFile; fileRef = 541E35222388884F00BBCE31 /* questions.json */; };
		541E352723888D1800BBCE31 /* users.json in Resources */ = {isa = PBXBuildFile; fileRef = 541E352623888D1800BBCE31 /* users.json */; };
		541E352923888FAA00BBCE31 /* .gitignore in Resources */ = {isa = PBXBuildFile; fileRef = 541E352823888FAA00BBCE31 /* .gitignore */; };
		541E352B23888FF700BBCE31 /* Bundle-Decodable.swift in Sources */ = {isa = PBXBuildFile; fileRef = 541E352A23888FF700BBCE31 /* Bundle-Decodable.swift */; };
		541E352D2388905B00BBCE31 /* Member.swift in Sources */ = {isa = PBXBuildFile; fileRef = 541E352C2388905B00BBCE31 /* Member.swift */; };
		541E35322389CF7800BBCE31 /* DirectoryView.swift in Sources */ = {isa = PBXBuildFile; fileRef = 541E35312389CF7800BBCE31 /* DirectoryView.swift */; };
		541E35382389D94500BBCE31 /* PollsView.swift in Sources */ = {isa = PBXBuildFile; fileRef = 541E35372389D94500BBCE31 /* PollsView.swift */; };
		541E353A238A0C5B00BBCE31 /* Style.swift in Sources */ = {isa = PBXBuildFile; fileRef = 541E3539238A0C5B00BBCE31 /* Style.swift */; };
		541E353D238A178200BBCE31 /* ViewExtensions.swift in Sources */ = {isa = PBXBuildFile; fileRef = 541E353C238A178200BBCE31 /* ViewExtensions.swift */; };
		541E353F238A1BC200BBCE31 /* Poll.swift in Sources */ = {isa = PBXBuildFile; fileRef = 541E353E238A1BC200BBCE31 /* Poll.swift */; };
		541E3543238A335600BBCE31 /* VoteView.swift in Sources */ = {isa = PBXBuildFile; fileRef = 541E3542238A335600BBCE31 /* VoteView.swift */; };
/* End PBXBuildFile section */

/* Begin PBXFileReference section */
		541E350923887ED100BBCE31 /* DeltNU-iOS.app */ = {isa = PBXFileReference; explicitFileType = wrapper.application; includeInIndex = 0; path = "DeltNU-iOS.app"; sourceTree = BUILT_PRODUCTS_DIR; };
		541E350C23887ED100BBCE31 /* AppDelegate.swift */ = {isa = PBXFileReference; lastKnownFileType = sourcecode.swift; path = AppDelegate.swift; sourceTree = "<group>"; };
		541E350E23887ED100BBCE31 /* SceneDelegate.swift */ = {isa = PBXFileReference; lastKnownFileType = sourcecode.swift; path = SceneDelegate.swift; sourceTree = "<group>"; };
		541E351023887ED100BBCE31 /* ContentView.swift */ = {isa = PBXFileReference; lastKnownFileType = sourcecode.swift; path = ContentView.swift; sourceTree = "<group>"; };
		541E351223887ED400BBCE31 /* Assets.xcassets */ = {isa = PBXFileReference; lastKnownFileType = folder.assetcatalog; path = Assets.xcassets; sourceTree = "<group>"; };
		541E351523887ED400BBCE31 /* Preview Assets.xcassets */ = {isa = PBXFileReference; lastKnownFileType = folder.assetcatalog; path = "Preview Assets.xcassets"; sourceTree = "<group>"; };
		541E351823887ED400BBCE31 /* Base */ = {isa = PBXFileReference; lastKnownFileType = file.storyboard; name = Base; path = Base.lproj/LaunchScreen.storyboard; sourceTree = "<group>"; };
		541E351A23887ED400BBCE31 /* Info.plist */ = {isa = PBXFileReference; lastKnownFileType = text.plist.xml; path = Info.plist; sourceTree = "<group>"; };
		541E35212388884F00BBCE31 /* minutes.json */ = {isa = PBXFileReference; fileEncoding = 4; lastKnownFileType = text.json; path = minutes.json; sourceTree = "<group>"; };
		541E35222388884F00BBCE31 /* questions.json */ = {isa = PBXFileReference; fileEncoding = 4; lastKnownFileType = text.json; path = questions.json; sourceTree = "<group>"; };
		541E352623888D1800BBCE31 /* users.json */ = {isa = PBXFileReference; fileEncoding = 4; lastKnownFileType = text.json; path = users.json; sourceTree = "<group>"; };
		541E352823888FAA00BBCE31 /* .gitignore */ = {isa = PBXFileReference; lastKnownFileType = text; path = .gitignore; sourceTree = "<group>"; };
		541E352A23888FF700BBCE31 /* Bundle-Decodable.swift */ = {isa = PBXFileReference; lastKnownFileType = sourcecode.swift; path = "Bundle-Decodable.swift"; sourceTree = "<group>"; };
		541E352C2388905B00BBCE31 /* Member.swift */ = {isa = PBXFileReference; lastKnownFileType = sourcecode.swift; path = Member.swift; sourceTree = "<group>"; };
		541E35312389CF7800BBCE31 /* DirectoryView.swift */ = {isa = PBXFileReference; lastKnownFileType = sourcecode.swift; path = DirectoryView.swift; sourceTree = "<group>"; };
		541E35372389D94500BBCE31 /* PollsView.swift */ = {isa = PBXFileReference; lastKnownFileType = sourcecode.swift; path = PollsView.swift; sourceTree = "<group>"; };
		541E3539238A0C5B00BBCE31 /* Style.swift */ = {isa = PBXFileReference; lastKnownFileType = sourcecode.swift; path = Style.swift; sourceTree = "<group>"; };
		541E353C238A178200BBCE31 /* ViewExtensions.swift */ = {isa = PBXFileReference; lastKnownFileType = sourcecode.swift; path = ViewExtensions.swift; sourceTree = "<group>"; };
		541E353E238A1BC200BBCE31 /* Poll.swift */ = {isa = PBXFileReference; lastKnownFileType = sourcecode.swift; path = Poll.swift; sourceTree = "<group>"; };
		541E3542238A335600BBCE31 /* VoteView.swift */ = {isa = PBXFileReference; lastKnownFileType = sourcecode.swift; path = VoteView.swift; sourceTree = "<group>"; };
/* End PBXFileReference section */

/* Begin PBXFrameworksBuildPhase section */
		541E350623887ED100BBCE31 /* Frameworks */ = {
			isa = PBXFrameworksBuildPhase;
			buildActionMask = 2147483647;
			files = (
			);
			runOnlyForDeploymentPostprocessing = 0;
		};
/* End PBXFrameworksBuildPhase section */

/* Begin PBXGroup section */
		541E350023887ED100BBCE31 = {
			isa = PBXGroup;
			children = (
				541E352823888FAA00BBCE31 /* .gitignore */,
				541E350B23887ED100BBCE31 /* DeltNU-iOS */,
				541E350A23887ED100BBCE31 /* Products */,
			);
			sourceTree = "<group>";
		};
		541E350A23887ED100BBCE31 /* Products */ = {
			isa = PBXGroup;
			children = (
				541E350923887ED100BBCE31 /* DeltNU-iOS.app */,
			);
			name = Products;
			sourceTree = "<group>";
		};
		541E350B23887ED100BBCE31 /* DeltNU-iOS */ = {
			isa = PBXGroup;
			children = (
				541E353B238A16CE00BBCE31 /* ViewCommon */,
				541E35362389D92B00BBCE31 /* Vote */,
				541E35302389CF5500BBCE31 /* Directory */,
				541E35252388885A00BBCE31 /* Data */,
				541E35202388847800BBCE31 /* Mock */,
				541E350C23887ED100BBCE31 /* AppDelegate.swift */,
				541E350E23887ED100BBCE31 /* SceneDelegate.swift */,
				541E351223887ED400BBCE31 /* Assets.xcassets */,
				541E351723887ED400BBCE31 /* LaunchScreen.storyboard */,
				541E351A23887ED400BBCE31 /* Info.plist */,
				541E351423887ED400BBCE31 /* Preview Content */,
			);
			path = "DeltNU-iOS";
			sourceTree = "<group>";
		};
		541E351423887ED400BBCE31 /* Preview Content */ = {
			isa = PBXGroup;
			children = (
				541E351523887ED400BBCE31 /* Preview Assets.xcassets */,
			);
			path = "Preview Content";
			sourceTree = "<group>";
		};
		541E35202388847800BBCE31 /* Mock */ = {
			isa = PBXGroup;
			children = (
				541E352623888D1800BBCE31 /* users.json */,
				541E35212388884F00BBCE31 /* minutes.json */,
				541E35222388884F00BBCE31 /* questions.json */,
			);
			path = Mock;
			sourceTree = "<group>";
		};
		541E35252388885A00BBCE31 /* Data */ = {
			isa = PBXGroup;
			children = (
				541E352A23888FF700BBCE31 /* Bundle-Decodable.swift */,
			);
			path = Data;
			sourceTree = "<group>";
		};
		541E35302389CF5500BBCE31 /* Directory */ = {
			isa = PBXGroup;
			children = (
				541E352C2388905B00BBCE31 /* Member.swift */,
				541E35312389CF7800BBCE31 /* DirectoryView.swift */,
			);
			path = Directory;
			sourceTree = "<group>";
		};
		541E35362389D92B00BBCE31 /* Vote */ = {
			isa = PBXGroup;
			children = (
				541E35372389D94500BBCE31 /* PollsView.swift */,
				541E353E238A1BC200BBCE31 /* Poll.swift */,
				541E3542238A335600BBCE31 /* VoteView.swift */,
			);
			path = Vote;
			sourceTree = "<group>";
		};
		541E353B238A16CE00BBCE31 /* ViewCommon */ = {
			isa = PBXGroup;
			children = (
				541E351023887ED100BBCE31 /* ContentView.swift */,
				541E3539238A0C5B00BBCE31 /* Style.swift */,
				541E353C238A178200BBCE31 /* ViewExtensions.swift */,
			);
			path = ViewCommon;
			sourceTree = "<group>";
		};
/* End PBXGroup section */

/* Begin PBXNativeTarget section */
		541E350823887ED100BBCE31 /* DeltNU-iOS */ = {
			isa = PBXNativeTarget;
			buildConfigurationList = 541E351D23887ED400BBCE31 /* Build configuration list for PBXNativeTarget "DeltNU-iOS" */;
			buildPhases = (
				541E350523887ED100BBCE31 /* Sources */,
				541E350623887ED100BBCE31 /* Frameworks */,
				541E350723887ED100BBCE31 /* Resources */,
			);
			buildRules = (
			);
			dependencies = (
			);
			name = "DeltNU-iOS";
			productName = "DeltNU-iOS";
			productReference = 541E350923887ED100BBCE31 /* DeltNU-iOS.app */;
			productType = "com.apple.product-type.application";
		};
/* End PBXNativeTarget section */

/* Begin PBXProject section */
		541E350123887ED100BBCE31 /* Project object */ = {
			isa = PBXProject;
			attributes = {
				LastSwiftUpdateCheck = 1120;
				LastUpgradeCheck = 1120;
				ORGANIZATIONNAME = "Canon Sawrey";
				TargetAttributes = {
					541E350823887ED100BBCE31 = {
						CreatedOnToolsVersion = 11.2;
					};
				};
			};
			buildConfigurationList = 541E350423887ED100BBCE31 /* Build configuration list for PBXProject "DeltNU-iOS" */;
			compatibilityVersion = "Xcode 9.3";
			developmentRegion = en;
			hasScannedForEncodings = 0;
			knownRegions = (
				en,
				Base,
			);
			mainGroup = 541E350023887ED100BBCE31;
			productRefGroup = 541E350A23887ED100BBCE31 /* Products */;
			projectDirPath = "";
			projectRoot = "";
			targets = (
				541E350823887ED100BBCE31 /* DeltNU-iOS */,
			);
		};
/* End PBXProject section */

/* Begin PBXResourcesBuildPhase section */
		541E350723887ED100BBCE31 /* Resources */ = {
			isa = PBXResourcesBuildPhase;
			buildActionMask = 2147483647;
			files = (
				541E352723888D1800BBCE31 /* users.json in Resources */,
				541E352923888FAA00BBCE31 /* .gitignore in Resources */,
				541E35242388884F00BBCE31 /* questions.json in Resources */,
				541E351923887ED400BBCE31 /* LaunchScreen.storyboard in Resources */,
				541E35232388884F00BBCE31 /* minutes.json in Resources */,
				541E351623887ED400BBCE31 /* Preview Assets.xcassets in Resources */,
				541E351323887ED400BBCE31 /* Assets.xcassets in Resources */,
			);
			runOnlyForDeploymentPostprocessing = 0;
		};
/* End PBXResourcesBuildPhase section */

/* Begin PBXSourcesBuildPhase section */
		541E350523887ED100BBCE31 /* Sources */ = {
			isa = PBXSourcesBuildPhase;
			buildActionMask = 2147483647;
			files = (
				541E353F238A1BC200BBCE31 /* Poll.swift in Sources */,
				541E35322389CF7800BBCE31 /* DirectoryView.swift in Sources */,
				541E3543238A335600BBCE31 /* VoteView.swift in Sources */,
				541E350D23887ED100BBCE31 /* AppDelegate.swift in Sources */,
				541E350F23887ED100BBCE31 /* SceneDelegate.swift in Sources */,
				541E351123887ED100BBCE31 /* ContentView.swift in Sources */,
				541E353D238A178200BBCE31 /* ViewExtensions.swift in Sources */,
				541E352B23888FF700BBCE31 /* Bundle-Decodable.swift in Sources */,
				541E352D2388905B00BBCE31 /* Member.swift in Sources */,
				541E35382389D94500BBCE31 /* PollsView.swift in Sources */,
				541E353A238A0C5B00BBCE31 /* Style.swift in Sources */,
			);
			runOnlyForDeploymentPostprocessing = 0;
		};
/* End PBXSourcesBuildPhase section */

/* Begin PBXVariantGroup section */
		541E351723887ED400BBCE31 /* LaunchScreen.storyboard */ = {
			isa = PBXVariantGroup;
			children = (
				541E351823887ED400BBCE31 /* Base */,
			);
			name = LaunchScreen.storyboard;
			sourceTree = "<group>";
		};
/* End PBXVariantGroup section */

/* Begin XCBuildConfiguration section */
		541E351B23887ED400BBCE31 /* Debug */ = {
			isa = XCBuildConfiguration;
			buildSettings = {
				ALWAYS_SEARCH_USER_PATHS = NO;
				CLANG_ANALYZER_NONNULL = YES;
				CLANG_ANALYZER_NUMBER_OBJECT_CONVERSION = YES_AGGRESSIVE;
				CLANG_CXX_LANGUAGE_STANDARD = "gnu++14";
				CLANG_CXX_LIBRARY = "libc++";
				CLANG_ENABLE_MODULES = YES;
				CLANG_ENABLE_OBJC_ARC = YES;
				CLANG_ENABLE_OBJC_WEAK = YES;
				CLANG_WARN_BLOCK_CAPTURE_AUTORELEASING = YES;
				CLANG_WARN_BOOL_CONVERSION = YES;
				CLANG_WARN_COMMA = YES;
				CLANG_WARN_CONSTANT_CONVERSION = YES;
				CLANG_WARN_DEPRECATED_OBJC_IMPLEMENTATIONS = YES;
				CLANG_WARN_DIRECT_OBJC_ISA_USAGE = YES_ERROR;
				CLANG_WARN_DOCUMENTATION_COMMENTS = YES;
				CLANG_WARN_EMPTY_BODY = YES;
				CLANG_WARN_ENUM_CONVERSION = YES;
				CLANG_WARN_INFINITE_RECURSION = YES;
				CLANG_WARN_INT_CONVERSION = YES;
				CLANG_WARN_NON_LITERAL_NULL_CONVERSION = YES;
				CLANG_WARN_OBJC_IMPLICIT_RETAIN_SELF = YES;
				CLANG_WARN_OBJC_LITERAL_CONVERSION = YES;
				CLANG_WARN_OBJC_ROOT_CLASS = YES_ERROR;
				CLANG_WARN_RANGE_LOOP_ANALYSIS = YES;
				CLANG_WARN_STRICT_PROTOTYPES = YES;
				CLANG_WARN_SUSPICIOUS_MOVE = YES;
				CLANG_WARN_UNGUARDED_AVAILABILITY = YES_AGGRESSIVE;
				CLANG_WARN_UNREACHABLE_CODE = YES;
				CLANG_WARN__DUPLICATE_METHOD_MATCH = YES;
				COPY_PHASE_STRIP = NO;
				DEBUG_INFORMATION_FORMAT = dwarf;
				ENABLE_STRICT_OBJC_MSGSEND = YES;
				ENABLE_TESTABILITY = YES;
				GCC_C_LANGUAGE_STANDARD = gnu11;
				GCC_DYNAMIC_NO_PIC = NO;
				GCC_NO_COMMON_BLOCKS = YES;
				GCC_OPTIMIZATION_LEVEL = 0;
				GCC_PREPROCESSOR_DEFINITIONS = (
					"DEBUG=1",
					"$(inherited)",
				);
				GCC_WARN_64_TO_32_BIT_CONVERSION = YES;
				GCC_WARN_ABOUT_RETURN_TYPE = YES_ERROR;
				GCC_WARN_UNDECLARED_SELECTOR = YES;
				GCC_WARN_UNINITIALIZED_AUTOS = YES_AGGRESSIVE;
				GCC_WARN_UNUSED_FUNCTION = YES;
				GCC_WARN_UNUSED_VARIABLE = YES;
				IPHONEOS_DEPLOYMENT_TARGET = 13.2;
				MTL_ENABLE_DEBUG_INFO = INCLUDE_SOURCE;
				MTL_FAST_MATH = YES;
				ONLY_ACTIVE_ARCH = YES;
				SDKROOT = iphoneos;
				SWIFT_ACTIVE_COMPILATION_CONDITIONS = DEBUG;
				SWIFT_OPTIMIZATION_LEVEL = "-Onone";
			};
			name = Debug;
		};
		541E351C23887ED400BBCE31 /* Release */ = {
			isa = XCBuildConfiguration;
			buildSettings = {
				ALWAYS_SEARCH_USER_PATHS = NO;
				CLANG_ANALYZER_NONNULL = YES;
				CLANG_ANALYZER_NUMBER_OBJECT_CONVERSION = YES_AGGRESSIVE;
				CLANG_CXX_LANGUAGE_STANDARD = "gnu++14";
				CLANG_CXX_LIBRARY = "libc++";
				CLANG_ENABLE_MODULES = YES;
				CLANG_ENABLE_OBJC_ARC = YES;
				CLANG_ENABLE_OBJC_WEAK = YES;
				CLANG_WARN_BLOCK_CAPTURE_AUTORELEASING = YES;
				CLANG_WARN_BOOL_CONVERSION = YES;
				CLANG_WARN_COMMA = YES;
				CLANG_WARN_CONSTANT_CONVERSION = YES;
				CLANG_WARN_DEPRECATED_OBJC_IMPLEMENTATIONS = YES;
				CLANG_WARN_DIRECT_OBJC_ISA_USAGE = YES_ERROR;
				CLANG_WARN_DOCUMENTATION_COMMENTS = YES;
				CLANG_WARN_EMPTY_BODY = YES;
				CLANG_WARN_ENUM_CONVERSION = YES;
				CLANG_WARN_INFINITE_RECURSION = YES;
				CLANG_WARN_INT_CONVERSION = YES;
				CLANG_WARN_NON_LITERAL_NULL_CONVERSION = YES;
				CLANG_WARN_OBJC_IMPLICIT_RETAIN_SELF = YES;
				CLANG_WARN_OBJC_LITERAL_CONVERSION = YES;
				CLANG_WARN_OBJC_ROOT_CLASS = YES_ERROR;
				CLANG_WARN_RANGE_LOOP_ANALYSIS = YES;
				CLANG_WARN_STRICT_PROTOTYPES = YES;
				CLANG_WARN_SUSPICIOUS_MOVE = YES;
				CLANG_WARN_UNGUARDED_AVAILABILITY = YES_AGGRESSIVE;
				CLANG_WARN_UNREACHABLE_CODE = YES;
				CLANG_WARN__DUPLICATE_METHOD_MATCH = YES;
				COPY_PHASE_STRIP = NO;
				DEBUG_INFORMATION_FORMAT = "dwarf-with-dsym";
				ENABLE_NS_ASSERTIONS = NO;
				ENABLE_STRICT_OBJC_MSGSEND = YES;
				GCC_C_LANGUAGE_STANDARD = gnu11;
				GCC_NO_COMMON_BLOCKS = YES;
				GCC_WARN_64_TO_32_BIT_CONVERSION = YES;
				GCC_WARN_ABOUT_RETURN_TYPE = YES_ERROR;
				GCC_WARN_UNDECLARED_SELECTOR = YES;
				GCC_WARN_UNINITIALIZED_AUTOS = YES_AGGRESSIVE;
				GCC_WARN_UNUSED_FUNCTION = YES;
				GCC_WARN_UNUSED_VARIABLE = YES;
				IPHONEOS_DEPLOYMENT_TARGET = 13.2;
				MTL_ENABLE_DEBUG_INFO = NO;
				MTL_FAST_MATH = YES;
				SDKROOT = iphoneos;
				SWIFT_COMPILATION_MODE = wholemodule;
				SWIFT_OPTIMIZATION_LEVEL = "-O";
				VALIDATE_PRODUCT = YES;
			};
			name = Release;
		};
		541E351E23887ED400BBCE31 /* Debug */ = {
			isa = XCBuildConfiguration;
			buildSettings = {
				ASSETCATALOG_COMPILER_APPICON_NAME = AppIcon;
				CODE_SIGN_STYLE = Automatic;
				DEVELOPMENT_ASSET_PATHS = "\"DeltNU-iOS/Preview Content\"";
				ENABLE_PREVIEWS = YES;
				INFOPLIST_FILE = "DeltNU-iOS/Info.plist";
				LD_RUNPATH_SEARCH_PATHS = (
					"$(inherited)",
					"@executable_path/Frameworks",
				);
				PRODUCT_BUNDLE_IDENTIFIER = "csawrey.DeltNU-iOS";
				PRODUCT_NAME = "$(TARGET_NAME)";
				SWIFT_VERSION = 5.0;
				TARGETED_DEVICE_FAMILY = "1,2";
			};
			name = Debug;
		};
		541E351F23887ED400BBCE31 /* Release */ = {
			isa = XCBuildConfiguration;
			buildSettings = {
				ASSETCATALOG_COMPILER_APPICON_NAME = AppIcon;
				CODE_SIGN_STYLE = Automatic;
				DEVELOPMENT_ASSET_PATHS = "\"DeltNU-iOS/Preview Content\"";
				ENABLE_PREVIEWS = YES;
				INFOPLIST_FILE = "DeltNU-iOS/Info.plist";
				LD_RUNPATH_SEARCH_PATHS = (
					"$(inherited)",
					"@executable_path/Frameworks",
				);
				PRODUCT_BUNDLE_IDENTIFIER = "csawrey.DeltNU-iOS";
				PRODUCT_NAME = "$(TARGET_NAME)";
				SWIFT_VERSION = 5.0;
				TARGETED_DEVICE_FAMILY = "1,2";
			};
			name = Release;
		};
/* End XCBuildConfiguration section */

/* Begin XCConfigurationList section */
		541E350423887ED100BBCE31 /* Build configuration list for PBXProject "DeltNU-iOS" */ = {
			isa = XCConfigurationList;
			buildConfigurations = (
				541E351B23887ED400BBCE31 /* Debug */,
				541E351C23887ED400BBCE31 /* Release */,
			);
			defaultConfigurationIsVisible = 0;
			defaultConfigurationName = Release;
		};
		541E351D23887ED400BBCE31 /* Build configuration list for PBXNativeTarget "DeltNU-iOS" */ = {
			isa = XCConfigurationList;
			buildConfigurations = (
				541E351E23887ED400BBCE31 /* Debug */,
				541E351F23887ED400BBCE31 /* Release */,
			);
			defaultConfigurationIsVisible = 0;
			defaultConfigurationName = Release;
		};
/* End XCConfigurationList section */
	};
	rootObject = 541E350123887ED100BBCE31 /* Project object */;
}
