// !$*UTF8*$!
{
	archiveVersion = 1;
	classes = {
	};
	objectVersion = 50;
	objects = {

/* Begin PBXBuildFile section */
		541E350D23887ED100BBCE31 /* AppDelegate.swift in Sources */ = {isa = PBXBuildFile; fileRef = 541E350C23887ED100BBCE31 /* AppDelegate.swift */; };
		541E350F23887ED100BBCE31 /* SceneDelegate.swift in Sources */ = {isa = PBXBuildFile; fileRef = 541E350E23887ED100BBCE31 /* SceneDelegate.swift */; };
		541E351123887ED100BBCE31 /* SessionView.swift in Sources */ = {isa = PBXBuildFile; fileRef = 541E351023887ED100BBCE31 /* SessionView.swift */; };
		541E351323887ED400BBCE31 /* Assets.xcassets in Resources */ = {isa = PBXBuildFile; fileRef = 541E351223887ED400BBCE31 /* Assets.xcassets */; };
		541E351623887ED400BBCE31 /* Preview Assets.xcassets in Resources */ = {isa = PBXBuildFile; fileRef = 541E351523887ED400BBCE31 /* Preview Assets.xcassets */; };
		541E351923887ED400BBCE31 /* LaunchScreen.storyboard in Resources */ = {isa = PBXBuildFile; fileRef = 541E351723887ED400BBCE31 /* LaunchScreen.storyboard */; };
		541E35232388884F00BBCE31 /* minutes.json in Resources */ = {isa = PBXBuildFile; fileRef = 541E35212388884F00BBCE31 /* minutes.json */; };
		541E35242388884F00BBCE31 /* questions.json in Resources */ = {isa = PBXBuildFile; fileRef = 541E35222388884F00BBCE31 /* questions.json */; };
		541E352723888D1800BBCE31 /* users.json in Resources */ = {isa = PBXBuildFile; fileRef = 541E352623888D1800BBCE31 /* users.json */; };
		541E352923888FAA00BBCE31 /* .gitignore in Resources */ = {isa = PBXBuildFile; fileRef = 541E352823888FAA00BBCE31 /* .gitignore */; };
		541E352B23888FF700BBCE31 /* Bundle-Decodable.swift in Sources */ = {isa = PBXBuildFile; fileRef = 541E352A23888FF700BBCE31 /* Bundle-Decodable.swift */; };
		541E352D2388905B00BBCE31 /* Member.swift in Sources */ = {isa = PBXBuildFile; fileRef = 541E352C2388905B00BBCE31 /* Member.swift */; };
		541E35322389CF7800BBCE31 /* DirectoryView.swift in Sources */ = {isa = PBXBuildFile; fileRef = 541E35312389CF7800BBCE31 /* DirectoryView.swift */; };
		541E35382389D94500BBCE31 /* PollsView.swift in Sources */ = {isa = PBXBuildFile; fileRef = 541E35372389D94500BBCE31 /* PollsView.swift */; };
		541E353A238A0C5B00BBCE31 /* AppStyle.swift in Sources */ = {isa = PBXBuildFile; fileRef = 541E3539238A0C5B00BBCE31 /* AppStyle.swift */; };
		541E353D238A178200BBCE31 /* CommonViews.swift in Sources */ = {isa = PBXBuildFile; fileRef = 541E353C238A178200BBCE31 /* CommonViews.swift */; };
		541E353F238A1BC200BBCE31 /* Poll.swift in Sources */ = {isa = PBXBuildFile; fileRef = 541E353E238A1BC200BBCE31 /* Poll.swift */; };
		541E3543238A335600BBCE31 /* VoteView.swift in Sources */ = {isa = PBXBuildFile; fileRef = 541E3542238A335600BBCE31 /* VoteView.swift */; };
		541E3545238A43AC00BBCE31 /* MemberView.swift in Sources */ = {isa = PBXBuildFile; fileRef = 541E3544238A43AC00BBCE31 /* MemberView.swift */; };
		541E3548238A46C100BBCE31 /* MinutesView.swift in Sources */ = {isa = PBXBuildFile; fileRef = 541E3547238A46C100BBCE31 /* MinutesView.swift */; };
		541E354A238A477B00BBCE31 /* Minute.swift in Sources */ = {isa = PBXBuildFile; fileRef = 541E3549238A477B00BBCE31 /* Minute.swift */; };
		541E3552238A54D600BBCE31 /* DashboardView.swift in Sources */ = {isa = PBXBuildFile; fileRef = 541E3551238A54D600BBCE31 /* DashboardView.swift */; };
		541E3557238B9F4D00BBCE31 /* MasterformWebView.swift in Sources */ = {isa = PBXBuildFile; fileRef = 541E3556238B9F4D00BBCE31 /* MasterformWebView.swift */; };
		541E3559238C60CC00BBCE31 /* Extensions.swift in Sources */ = {isa = PBXBuildFile; fileRef = 541E3558238C60CC00BBCE31 /* Extensions.swift */; };
		541E355B238C6C9D00BBCE31 /* SwiftUiWorkarounds.swift in Sources */ = {isa = PBXBuildFile; fileRef = 541E355A238C6C9D00BBCE31 /* SwiftUiWorkarounds.swift */; };
		541E3571239131B000BBCE31 /* DirectoryViewModel.swift in Sources */ = {isa = PBXBuildFile; fileRef = 541E3570239131B000BBCE31 /* DirectoryViewModel.swift */; };
		541E3573239132DE00BBCE31 /* Combine-Decodable.swift in Sources */ = {isa = PBXBuildFile; fileRef = 541E3572239132DE00BBCE31 /* Combine-Decodable.swift */; };
		541E35792391342B00BBCE31 /* DeltNuError.swift in Sources */ = {isa = PBXBuildFile; fileRef = 541E35782391342B00BBCE31 /* DeltNuError.swift */; };
		541E357D23914A6300BBCE31 /* MockDirectoryFetcher.swift in Sources */ = {isa = PBXBuildFile; fileRef = 541E357C23914A6300BBCE31 /* MockDirectoryFetcher.swift */; };
		541E357F23914AE900BBCE31 /* DirectoryFetchable.swift in Sources */ = {isa = PBXBuildFile; fileRef = 541E357E23914AE900BBCE31 /* DirectoryFetchable.swift */; };
		541E35812391815000BBCE31 /* options.json in Resources */ = {isa = PBXBuildFile; fileRef = 541E35802391815000BBCE31 /* options.json */; };
		541E358623918B0400BBCE31 /* PreferencesView.swift in Sources */ = {isa = PBXBuildFile; fileRef = 541E358523918B0400BBCE31 /* PreferencesView.swift */; };
		54308A392392CFA00008FE98 /* README.md in Resources */ = {isa = PBXBuildFile; fileRef = 54308A382392CFA00008FE98 /* README.md */; };
		54308A3D2393797D0008FE98 /* MinutesViewModel.swift in Sources */ = {isa = PBXBuildFile; fileRef = 54308A3C2393797D0008FE98 /* MinutesViewModel.swift */; };
		54308A3F23937B450008FE98 /* ViewModel.swift in Sources */ = {isa = PBXBuildFile; fileRef = 54308A3E23937B450008FE98 /* ViewModel.swift */; };
		54308A4123938C030008FE98 /* LogoutSheet.swift in Sources */ = {isa = PBXBuildFile; fileRef = 54308A4023938C030008FE98 /* LogoutSheet.swift */; };
		54308A432394461E0008FE98 /* LaunchScreen.png in Resources */ = {isa = PBXBuildFile; fileRef = 54308A422394461E0008FE98 /* LaunchScreen.png */; };
		54308A4523944A1D0008FE98 /* LaunchScreen.png in Resources */ = {isa = PBXBuildFile; fileRef = 54308A4423944A1D0008FE98 /* LaunchScreen.png */; };
		54308A4723946AEF0008FE98 /* LoginView.swift in Sources */ = {isa = PBXBuildFile; fileRef = 54308A4623946AEF0008FE98 /* LoginView.swift */; };
		54308A4A23946C280008FE98 /* LoginViewModel.swift in Sources */ = {isa = PBXBuildFile; fileRef = 54308A4923946C280008FE98 /* LoginViewModel.swift */; };
		54308A4C23947CC00008FE98 /* Session.swift in Sources */ = {isa = PBXBuildFile; fileRef = 54308A4B23947CC00008FE98 /* Session.swift */; };
		54308A4F2395C73C0008FE98 /* SessionTokenFetchable.swift in Sources */ = {isa = PBXBuildFile; fileRef = 54308A4E2395C73C0008FE98 /* SessionTokenFetchable.swift */; };
		54308A532395CA4C0008FE98 /* DefaultSessionTokenFetcher.swift in Sources */ = {isa = PBXBuildFile; fileRef = 54308A522395CA4C0008FE98 /* DefaultSessionTokenFetcher.swift */; };
		549A3A842399BBE100B6BEA9 /* Credential.swift in Sources */ = {isa = PBXBuildFile; fileRef = 549A3A832399BBE100B6BEA9 /* Credential.swift */; };
		549A3A86239AB1AB00B6BEA9 /* GetSessionCookie.swift in Sources */ = {isa = PBXBuildFile; fileRef = 549A3A85239AB1AB00B6BEA9 /* GetSessionCookie.swift */; };
		54B2A8692391B7B100D45D6E /* NavigationDrawer.swift in Sources */ = {isa = PBXBuildFile; fileRef = 54B2A8682391B7B100D45D6E /* NavigationDrawer.swift */; };
		54C14E052399943D0065A1CB /* CredentialRepository.swift in Sources */ = {isa = PBXBuildFile; fileRef = 54C14E042399943D0065A1CB /* CredentialRepository.swift */; };
		54C14E07239997860065A1CB /* DefaultCredentialRepository.swift in Sources */ = {isa = PBXBuildFile; fileRef = 54C14E06239997860065A1CB /* DefaultCredentialRepository.swift */; };
/* End PBXBuildFile section */

/* Begin PBXFileReference section */
		541E350923887ED100BBCE31 /* DeltNU-iOS.app */ = {isa = PBXFileReference; explicitFileType = wrapper.application; includeInIndex = 0; path = "DeltNU-iOS.app"; sourceTree = BUILT_PRODUCTS_DIR; };
		541E350C23887ED100BBCE31 /* AppDelegate.swift */ = {isa = PBXFileReference; lastKnownFileType = sourcecode.swift; path = AppDelegate.swift; sourceTree = "<group>"; };
		541E350E23887ED100BBCE31 /* SceneDelegate.swift */ = {isa = PBXFileReference; lastKnownFileType = sourcecode.swift; path = SceneDelegate.swift; sourceTree = "<group>"; };
		541E351023887ED100BBCE31 /* SessionView.swift */ = {isa = PBXFileReference; lastKnownFileType = sourcecode.swift; path = SessionView.swift; sourceTree = "<group>"; };
		541E351223887ED400BBCE31 /* Assets.xcassets */ = {isa = PBXFileReference; lastKnownFileType = folder.assetcatalog; path = Assets.xcassets; sourceTree = "<group>"; };
		541E351523887ED400BBCE31 /* Preview Assets.xcassets */ = {isa = PBXFileReference; lastKnownFileType = folder.assetcatalog; path = "Preview Assets.xcassets"; sourceTree = "<group>"; };
		541E351823887ED400BBCE31 /* Base */ = {isa = PBXFileReference; lastKnownFileType = file.storyboard; name = Base; path = Base.lproj/LaunchScreen.storyboard; sourceTree = "<group>"; };
		541E351A23887ED400BBCE31 /* Info.plist */ = {isa = PBXFileReference; lastKnownFileType = text.plist.xml; path = Info.plist; sourceTree = "<group>"; };
		541E35212388884F00BBCE31 /* minutes.json */ = {isa = PBXFileReference; fileEncoding = 4; lastKnownFileType = text.json; path = minutes.json; sourceTree = "<group>"; };
		541E35222388884F00BBCE31 /* questions.json */ = {isa = PBXFileReference; fileEncoding = 4; lastKnownFileType = text.json; path = questions.json; sourceTree = "<group>"; };
		541E352623888D1800BBCE31 /* users.json */ = {isa = PBXFileReference; fileEncoding = 4; lastKnownFileType = text.json; path = users.json; sourceTree = "<group>"; };
		541E352823888FAA00BBCE31 /* .gitignore */ = {isa = PBXFileReference; lastKnownFileType = text; path = .gitignore; sourceTree = "<group>"; };
		541E352A23888FF700BBCE31 /* Bundle-Decodable.swift */ = {isa = PBXFileReference; lastKnownFileType = sourcecode.swift; path = "Bundle-Decodable.swift"; sourceTree = "<group>"; };
		541E352C2388905B00BBCE31 /* Member.swift */ = {isa = PBXFileReference; lastKnownFileType = sourcecode.swift; path = Member.swift; sourceTree = "<group>"; };
		541E35312389CF7800BBCE31 /* DirectoryView.swift */ = {isa = PBXFileReference; lastKnownFileType = sourcecode.swift; path = DirectoryView.swift; sourceTree = "<group>"; };
		541E35372389D94500BBCE31 /* PollsView.swift */ = {isa = PBXFileReference; lastKnownFileType = sourcecode.swift; path = PollsView.swift; sourceTree = "<group>"; };
		541E3539238A0C5B00BBCE31 /* AppStyle.swift */ = {isa = PBXFileReference; lastKnownFileType = sourcecode.swift; path = AppStyle.swift; sourceTree = "<group>"; };
		541E353C238A178200BBCE31 /* CommonViews.swift */ = {isa = PBXFileReference; lastKnownFileType = sourcecode.swift; path = CommonViews.swift; sourceTree = "<group>"; };
		541E353E238A1BC200BBCE31 /* Poll.swift */ = {isa = PBXFileReference; lastKnownFileType = sourcecode.swift; path = Poll.swift; sourceTree = "<group>"; };
		541E3542238A335600BBCE31 /* VoteView.swift */ = {isa = PBXFileReference; lastKnownFileType = sourcecode.swift; name = VoteView.swift; path = ../VIEW/VoteView.swift; sourceTree = "<group>"; };
		541E3544238A43AC00BBCE31 /* MemberView.swift */ = {isa = PBXFileReference; lastKnownFileType = sourcecode.swift; path = MemberView.swift; sourceTree = "<group>"; };
		541E3547238A46C100BBCE31 /* MinutesView.swift */ = {isa = PBXFileReference; lastKnownFileType = sourcecode.swift; path = MinutesView.swift; sourceTree = "<group>"; };
		541E3549238A477B00BBCE31 /* Minute.swift */ = {isa = PBXFileReference; lastKnownFileType = sourcecode.swift; path = Minute.swift; sourceTree = "<group>"; };
		541E3551238A54D600BBCE31 /* DashboardView.swift */ = {isa = PBXFileReference; lastKnownFileType = sourcecode.swift; path = DashboardView.swift; sourceTree = "<group>"; };
		541E3556238B9F4D00BBCE31 /* MasterformWebView.swift */ = {isa = PBXFileReference; lastKnownFileType = sourcecode.swift; path = MasterformWebView.swift; sourceTree = "<group>"; };
		541E3558238C60CC00BBCE31 /* Extensions.swift */ = {isa = PBXFileReference; lastKnownFileType = sourcecode.swift; path = Extensions.swift; sourceTree = "<group>"; };
		541E355A238C6C9D00BBCE31 /* SwiftUiWorkarounds.swift */ = {isa = PBXFileReference; lastKnownFileType = sourcecode.swift; path = SwiftUiWorkarounds.swift; sourceTree = "<group>"; };
		541E3570239131B000BBCE31 /* DirectoryViewModel.swift */ = {isa = PBXFileReference; lastKnownFileType = sourcecode.swift; path = DirectoryViewModel.swift; sourceTree = "<group>"; };
		541E3572239132DE00BBCE31 /* Combine-Decodable.swift */ = {isa = PBXFileReference; lastKnownFileType = sourcecode.swift; path = "Combine-Decodable.swift"; sourceTree = "<group>"; };
		541E35782391342B00BBCE31 /* DeltNuError.swift */ = {isa = PBXFileReference; lastKnownFileType = sourcecode.swift; path = DeltNuError.swift; sourceTree = "<group>"; };
		541E357C23914A6300BBCE31 /* MockDirectoryFetcher.swift */ = {isa = PBXFileReference; lastKnownFileType = sourcecode.swift; path = MockDirectoryFetcher.swift; sourceTree = "<group>"; };
		541E357E23914AE900BBCE31 /* DirectoryFetchable.swift */ = {isa = PBXFileReference; lastKnownFileType = sourcecode.swift; path = DirectoryFetchable.swift; sourceTree = "<group>"; };
		541E35802391815000BBCE31 /* options.json */ = {isa = PBXFileReference; fileEncoding = 4; lastKnownFileType = text.json; path = options.json; sourceTree = "<group>"; };
		541E358523918B0400BBCE31 /* PreferencesView.swift */ = {isa = PBXFileReference; lastKnownFileType = sourcecode.swift; path = PreferencesView.swift; sourceTree = "<group>"; };
		54308A382392CFA00008FE98 /* README.md */ = {isa = PBXFileReference; lastKnownFileType = net.daringfireball.markdown; path = README.md; sourceTree = "<group>"; };
		54308A3C2393797D0008FE98 /* MinutesViewModel.swift */ = {isa = PBXFileReference; lastKnownFileType = sourcecode.swift; path = MinutesViewModel.swift; sourceTree = "<group>"; };
		54308A3E23937B450008FE98 /* ViewModel.swift */ = {isa = PBXFileReference; lastKnownFileType = sourcecode.swift; path = ViewModel.swift; sourceTree = "<group>"; };
		54308A4023938C030008FE98 /* LogoutSheet.swift */ = {isa = PBXFileReference; lastKnownFileType = sourcecode.swift; path = LogoutSheet.swift; sourceTree = "<group>"; };
		54308A422394461E0008FE98 /* LaunchScreen.png */ = {isa = PBXFileReference; lastKnownFileType = image.png; path = LaunchScreen.png; sourceTree = "<group>"; };
		54308A4423944A1D0008FE98 /* LaunchScreen.png */ = {isa = PBXFileReference; lastKnownFileType = image.png; path = LaunchScreen.png; sourceTree = "<group>"; };
		54308A4623946AEF0008FE98 /* LoginView.swift */ = {isa = PBXFileReference; lastKnownFileType = sourcecode.swift; path = LoginView.swift; sourceTree = "<group>"; };
		54308A4923946C280008FE98 /* LoginViewModel.swift */ = {isa = PBXFileReference; lastKnownFileType = sourcecode.swift; path = LoginViewModel.swift; sourceTree = "<group>"; };
		54308A4B23947CC00008FE98 /* Session.swift */ = {isa = PBXFileReference; lastKnownFileType = sourcecode.swift; path = Session.swift; sourceTree = "<group>"; };
		54308A4E2395C73C0008FE98 /* SessionTokenFetchable.swift */ = {isa = PBXFileReference; lastKnownFileType = sourcecode.swift; path = SessionTokenFetchable.swift; sourceTree = "<group>"; };
		54308A522395CA4C0008FE98 /* DefaultSessionTokenFetcher.swift */ = {isa = PBXFileReference; lastKnownFileType = sourcecode.swift; path = DefaultSessionTokenFetcher.swift; sourceTree = "<group>"; };
		549A3A832399BBE100B6BEA9 /* Credential.swift */ = {isa = PBXFileReference; lastKnownFileType = sourcecode.swift; path = Credential.swift; sourceTree = "<group>"; };
		549A3A85239AB1AB00B6BEA9 /* GetSessionCookie.swift */ = {isa = PBXFileReference; lastKnownFileType = sourcecode.swift; path = GetSessionCookie.swift; sourceTree = "<group>"; };
		54B2A8682391B7B100D45D6E /* NavigationDrawer.swift */ = {isa = PBXFileReference; lastKnownFileType = sourcecode.swift; path = NavigationDrawer.swift; sourceTree = "<group>"; };
		54C14E042399943D0065A1CB /* CredentialRepository.swift */ = {isa = PBXFileReference; lastKnownFileType = sourcecode.swift; path = CredentialRepository.swift; sourceTree = "<group>"; };
		54C14E06239997860065A1CB /* DefaultCredentialRepository.swift */ = {isa = PBXFileReference; lastKnownFileType = sourcecode.swift; path = DefaultCredentialRepository.swift; sourceTree = "<group>"; };
/* End PBXFileReference section */

/* Begin PBXFrameworksBuildPhase section */
		541E350623887ED100BBCE31 /* Frameworks */ = {
			isa = PBXFrameworksBuildPhase;
			buildActionMask = 2147483647;
			files = (
			);
			runOnlyForDeploymentPostprocessing = 0;
		};
/* End PBXFrameworksBuildPhase section */

/* Begin PBXGroup section */
		541E350023887ED100BBCE31 = {
			isa = PBXGroup;
			children = (
				54308A382392CFA00008FE98 /* README.md */,
				541E352823888FAA00BBCE31 /* .gitignore */,
				541E350B23887ED100BBCE31 /* DeltNU-iOS */,
				541E350A23887ED100BBCE31 /* Products */,
			);
			sourceTree = "<group>";
		};
		541E350A23887ED100BBCE31 /* Products */ = {
			isa = PBXGroup;
			children = (
				541E350923887ED100BBCE31 /* DeltNU-iOS.app */,
			);
			name = Products;
			sourceTree = "<group>";
		};
		541E350B23887ED100BBCE31 /* DeltNU-iOS */ = {
			isa = PBXGroup;
			children = (
				54B2A8672391B71D00D45D6E /* Navigation */,
				541E35252388885A00BBCE31 /* Utility */,
				541E35202388847800BBCE31 /* Mock-Data */,
				541E356F23912DF000BBCE31 /* App */,
				541E350C23887ED100BBCE31 /* AppDelegate.swift */,
				541E350E23887ED100BBCE31 /* SceneDelegate.swift */,
				541E351223887ED400BBCE31 /* Assets.xcassets */,
				541E351723887ED400BBCE31 /* LaunchScreen.storyboard */,
				54308A422394461E0008FE98 /* LaunchScreen.png */,
				54308A4423944A1D0008FE98 /* LaunchScreen.png */,
				541E351A23887ED400BBCE31 /* Info.plist */,
				541E351423887ED400BBCE31 /* Preview Content */,
			);
			path = "DeltNU-iOS";
			sourceTree = "<group>";
		};
		541E351423887ED400BBCE31 /* Preview Content */ = {
			isa = PBXGroup;
			children = (
				541E351523887ED400BBCE31 /* Preview Assets.xcassets */,
			);
			path = "Preview Content";
			sourceTree = "<group>";
		};
		541E35202388847800BBCE31 /* Mock-Data */ = {
			isa = PBXGroup;
			children = (
				541E352623888D1800BBCE31 /* users.json */,
				541E35212388884F00BBCE31 /* minutes.json */,
				541E35222388884F00BBCE31 /* questions.json */,
				541E35802391815000BBCE31 /* options.json */,
			);
			path = "Mock-Data";
			sourceTree = "<group>";
		};
		541E35252388885A00BBCE31 /* Utility */ = {
			isa = PBXGroup;
			children = (
				541E35782391342B00BBCE31 /* DeltNuError.swift */,
				541E352A23888FF700BBCE31 /* Bundle-Decodable.swift */,
				541E3572239132DE00BBCE31 /* Combine-Decodable.swift */,
				549A3A85239AB1AB00B6BEA9 /* GetSessionCookie.swift */,
			);
			path = Utility;
			sourceTree = "<group>";
		};
		541E35302389CF5500BBCE31 /* Directory */ = {
			isa = PBXGroup;
			children = (
				541E35822391821700BBCE31 /* View */,
				541E357B2391494C00BBCE31 /* Remote */,
				541E357A239148E200BBCE31 /* Entity */,
			);
			path = Directory;
			sourceTree = "<group>";
		};
		541E35362389D92B00BBCE31 /* Vote */ = {
			isa = PBXGroup;
			children = (
				541E358323918AB000BBCE31 /* View */,
			);
			path = Vote;
			sourceTree = "<group>";
		};
		541E353B238A16CE00BBCE31 /* Common */ = {
			isa = PBXGroup;
			children = (
				541E351023887ED100BBCE31 /* SessionView.swift */,
				54308A4B23947CC00008FE98 /* Session.swift */,
				541E3539238A0C5B00BBCE31 /* AppStyle.swift */,
				541E353C238A178200BBCE31 /* CommonViews.swift */,
				541E3558238C60CC00BBCE31 /* Extensions.swift */,
				541E355A238C6C9D00BBCE31 /* SwiftUiWorkarounds.swift */,
				54308A3E23937B450008FE98 /* ViewModel.swift */,
			);
			path = Common;
			sourceTree = "<group>";
		};
		541E3546238A45E200BBCE31 /* Minutes */ = {
			isa = PBXGroup;
			children = (
				541E3547238A46C100BBCE31 /* MinutesView.swift */,
				54308A3C2393797D0008FE98 /* MinutesViewModel.swift */,
				541E3549238A477B00BBCE31 /* Minute.swift */,
				541E3556238B9F4D00BBCE31 /* MasterformWebView.swift */,
			);
			path = Minutes;
			sourceTree = "<group>";
		};
		541E3550238A54C600BBCE31 /* Dashboard */ = {
			isa = PBXGroup;
			children = (
				541E3551238A54D600BBCE31 /* DashboardView.swift */,
			);
			path = Dashboard;
			sourceTree = "<group>";
		};
		541E356F23912DF000BBCE31 /* App */ = {
			isa = PBXGroup;
			children = (
				54308A4823946AF50008FE98 /* Login */,
				541E358423918ADA00BBCE31 /* Preferences */,
				541E3550238A54C600BBCE31 /* Dashboard */,
				541E3546238A45E200BBCE31 /* Minutes */,
				541E353B238A16CE00BBCE31 /* Common */,
				541E35362389D92B00BBCE31 /* Vote */,
				541E35302389CF5500BBCE31 /* Directory */,
			);
			path = App;
			sourceTree = "<group>";
		};
		541E357A239148E200BBCE31 /* Entity */ = {
			isa = PBXGroup;
			children = (
				541E352C2388905B00BBCE31 /* Member.swift */,
			);
			path = Entity;
			sourceTree = "<group>";
		};
		541E357B2391494C00BBCE31 /* Remote */ = {
			isa = PBXGroup;
			children = (
				541E357E23914AE900BBCE31 /* DirectoryFetchable.swift */,
				541E357C23914A6300BBCE31 /* MockDirectoryFetcher.swift */,
			);
			path = Remote;
			sourceTree = "<group>";
		};
		541E35822391821700BBCE31 /* View */ = {
			isa = PBXGroup;
			children = (
				541E35312389CF7800BBCE31 /* DirectoryView.swift */,
				541E3544238A43AC00BBCE31 /* MemberView.swift */,
				541E3570239131B000BBCE31 /* DirectoryViewModel.swift */,
			);
			path = View;
			sourceTree = "<group>";
		};
		541E358323918AB000BBCE31 /* View */ = {
			isa = PBXGroup;
			children = (
				541E35372389D94500BBCE31 /* PollsView.swift */,
				541E353E238A1BC200BBCE31 /* Poll.swift */,
				541E3542238A335600BBCE31 /* VoteView.swift */,
			);
			path = View;
			sourceTree = "<group>";
		};
		541E358423918ADA00BBCE31 /* Preferences */ = {
			isa = PBXGroup;
			children = (
				541E358523918B0400BBCE31 /* PreferencesView.swift */,
				54308A4023938C030008FE98 /* LogoutSheet.swift */,
			);
			path = Preferences;
			sourceTree = "<group>";
		};
		54308A4823946AF50008FE98 /* Login */ = {
			isa = PBXGroup;
			children = (
				549A3A822399BBAF00B6BEA9 /* Entity */,
				54C14E03239994250065A1CB /* Cache */,
				54308A4D2395C49F0008FE98 /* Remote */,
				54308A4623946AEF0008FE98 /* LoginView.swift */,
				54308A4923946C280008FE98 /* LoginViewModel.swift */,
			);
			path = Login;
			sourceTree = "<group>";
		};
		54308A4D2395C49F0008FE98 /* Remote */ = {
			isa = PBXGroup;
			children = (
				54308A4E2395C73C0008FE98 /* SessionTokenFetchable.swift */,
				54308A522395CA4C0008FE98 /* DefaultSessionTokenFetcher.swift */,
			);
			path = Remote;
			sourceTree = "<group>";
		};
		549A3A822399BBAF00B6BEA9 /* Entity */ = {
			isa = PBXGroup;
			children = (
				549A3A832399BBE100B6BEA9 /* Credential.swift */,
			);
			path = Entity;
			sourceTree = "<group>";
		};
		54B2A8672391B71D00D45D6E /* Navigation */ = {
			isa = PBXGroup;
			children = (
				54B2A8682391B7B100D45D6E /* NavigationDrawer.swift */,
			);
			path = Navigation;
			sourceTree = "<group>";
		};
		54C14E03239994250065A1CB /* Cache */ = {
			isa = PBXGroup;
			children = (
				54C14E042399943D0065A1CB /* CredentialRepository.swift */,
				54C14E06239997860065A1CB /* DefaultCredentialRepository.swift */,
			);
			path = Cache;
			sourceTree = "<group>";
		};
/* End PBXGroup section */

/* Begin PBXNativeTarget section */
		541E350823887ED100BBCE31 /* DeltNU-iOS */ = {
			isa = PBXNativeTarget;
			buildConfigurationList = 541E351D23887ED400BBCE31 /* Build configuration list for PBXNativeTarget "DeltNU-iOS" */;
			buildPhases = (
				541E350523887ED100BBCE31 /* Sources */,
				541E350623887ED100BBCE31 /* Frameworks */,
				541E350723887ED100BBCE31 /* Resources */,
			);
			buildRules = (
			);
			dependencies = (
			);
			name = "DeltNU-iOS";
			productName = "DeltNU-iOS";
			productReference = 541E350923887ED100BBCE31 /* DeltNU-iOS.app */;
			productType = "com.apple.product-type.application";
		};
/* End PBXNativeTarget section */

/* Begin PBXProject section */
		541E350123887ED100BBCE31 /* Project object */ = {
			isa = PBXProject;
			attributes = {
				LastSwiftUpdateCheck = 1120;
				LastUpgradeCheck = 1120;
				ORGANIZATIONNAME = "Canon Sawrey";
				TargetAttributes = {
					541E350823887ED100BBCE31 = {
						CreatedOnToolsVersion = 11.2;
					};
				};
			};
			buildConfigurationList = 541E350423887ED100BBCE31 /* Build configuration list for PBXProject "DeltNU-iOS" */;
			compatibilityVersion = "Xcode 9.3";
			developmentRegion = en;
			hasScannedForEncodings = 0;
			knownRegions = (
				en,
				Base,
			);
			mainGroup = 541E350023887ED100BBCE31;
			productRefGroup = 541E350A23887ED100BBCE31 /* Products */;
			projectDirPath = "";
			projectRoot = "";
			targets = (
				541E350823887ED100BBCE31 /* DeltNU-iOS */,
			);
		};
/* End PBXProject section */

/* Begin PBXResourcesBuildPhase section */
		541E350723887ED100BBCE31 /* Resources */ = {
			isa = PBXResourcesBuildPhase;
			buildActionMask = 2147483647;
			files = (
				541E35812391815000BBCE31 /* options.json in Resources */,
				541E352723888D1800BBCE31 /* users.json in Resources */,
				54308A4523944A1D0008FE98 /* LaunchScreen.png in Resources */,
				54308A432394461E0008FE98 /* LaunchScreen.png in Resources */,
				541E352923888FAA00BBCE31 /* .gitignore in Resources */,
				541E35242388884F00BBCE31 /* questions.json in Resources */,
				541E351923887ED400BBCE31 /* LaunchScreen.storyboard in Resources */,
				541E35232388884F00BBCE31 /* minutes.json in Resources */,
				54308A392392CFA00008FE98 /* README.md in Resources */,
				541E351623887ED400BBCE31 /* Preview Assets.xcassets in Resources */,
				541E351323887ED400BBCE31 /* Assets.xcassets in Resources */,
			);
			runOnlyForDeploymentPostprocessing = 0;
		};
/* End PBXResourcesBuildPhase section */

/* Begin PBXSourcesBuildPhase section */
		541E350523887ED100BBCE31 /* Sources */ = {
			isa = PBXSourcesBuildPhase;
			buildActionMask = 2147483647;
			files = (
				541E353F238A1BC200BBCE31 /* Poll.swift in Sources */,
				549A3A86239AB1AB00B6BEA9 /* GetSessionCookie.swift in Sources */,
				54308A4F2395C73C0008FE98 /* SessionTokenFetchable.swift in Sources */,
				54308A4723946AEF0008FE98 /* LoginView.swift in Sources */,
				541E3559238C60CC00BBCE31 /* Extensions.swift in Sources */,
				541E3557238B9F4D00BBCE31 /* MasterformWebView.swift in Sources */,
				541E3552238A54D600BBCE31 /* DashboardView.swift in Sources */,
				541E35322389CF7800BBCE31 /* DirectoryView.swift in Sources */,
				541E3543238A335600BBCE31 /* VoteView.swift in Sources */,
				541E350D23887ED100BBCE31 /* AppDelegate.swift in Sources */,
				54308A4A23946C280008FE98 /* LoginViewModel.swift in Sources */,
				549A3A842399BBE100B6BEA9 /* Credential.swift in Sources */,
				541E350F23887ED100BBCE31 /* SceneDelegate.swift in Sources */,
				54C14E052399943D0065A1CB /* CredentialRepository.swift in Sources */,
				541E3571239131B000BBCE31 /* DirectoryViewModel.swift in Sources */,
				54308A532395CA4C0008FE98 /* DefaultSessionTokenFetcher.swift in Sources */,
				541E3573239132DE00BBCE31 /* Combine-Decodable.swift in Sources */,
				54308A3F23937B450008FE98 /* ViewModel.swift in Sources */,
				541E351123887ED100BBCE31 /* SessionView.swift in Sources */,
				541E3545238A43AC00BBCE31 /* MemberView.swift in Sources */,
				541E353D238A178200BBCE31 /* CommonViews.swift in Sources */,
				541E35792391342B00BBCE31 /* DeltNuError.swift in Sources */,
				54308A4123938C030008FE98 /* LogoutSheet.swift in Sources */,
				541E358623918B0400BBCE31 /* PreferencesView.swift in Sources */,
				54308A4C23947CC00008FE98 /* Session.swift in Sources */,
				541E357F23914AE900BBCE31 /* DirectoryFetchable.swift in Sources */,
				54C14E07239997860065A1CB /* DefaultCredentialRepository.swift in Sources */,
				541E352B23888FF700BBCE31 /* Bundle-Decodable.swift in Sources */,
				54B2A8692391B7B100D45D6E /* NavigationDrawer.swift in Sources */,
				541E357D23914A6300BBCE31 /* MockDirectoryFetcher.swift in Sources */,
				541E354A238A477B00BBCE31 /* Minute.swift in Sources */,
				54308A3D2393797D0008FE98 /* MinutesViewModel.swift in Sources */,
				541E3548238A46C100BBCE31 /* MinutesView.swift in Sources */,
				541E352D2388905B00BBCE31 /* Member.swift in Sources */,
				541E35382389D94500BBCE31 /* PollsView.swift in Sources */,
				541E353A238A0C5B00BBCE31 /* AppStyle.swift in Sources */,
				541E355B238C6C9D00BBCE31 /* SwiftUiWorkarounds.swift in Sources */,
			);
			runOnlyForDeploymentPostprocessing = 0;
		};
/* End PBXSourcesBuildPhase section */

/* Begin PBXVariantGroup section */
		541E351723887ED400BBCE31 /* LaunchScreen.storyboard */ = {
			isa = PBXVariantGroup;
			children = (
				541E351823887ED400BBCE31 /* Base */,
			);
			name = LaunchScreen.storyboard;
			sourceTree = "<group>";
		};
/* End PBXVariantGroup section */

/* Begin XCBuildConfiguration section */
		541E351B23887ED400BBCE31 /* Debug */ = {
			isa = XCBuildConfiguration;
			buildSettings = {
				ALWAYS_SEARCH_USER_PATHS = NO;
				CLANG_ANALYZER_NONNULL = YES;
				CLANG_ANALYZER_NUMBER_OBJECT_CONVERSION = YES_AGGRESSIVE;
				CLANG_CXX_LANGUAGE_STANDARD = "gnu++14";
				CLANG_CXX_LIBRARY = "libc++";
				CLANG_ENABLE_MODULES = YES;
				CLANG_ENABLE_OBJC_ARC = YES;
				CLANG_ENABLE_OBJC_WEAK = YES;
				CLANG_WARN_BLOCK_CAPTURE_AUTORELEASING = YES;
				CLANG_WARN_BOOL_CONVERSION = YES;
				CLANG_WARN_COMMA = YES;
				CLANG_WARN_CONSTANT_CONVERSION = YES;
				CLANG_WARN_DEPRECATED_OBJC_IMPLEMENTATIONS = YES;
				CLANG_WARN_DIRECT_OBJC_ISA_USAGE = YES_ERROR;
				CLANG_WARN_DOCUMENTATION_COMMENTS = YES;
				CLANG_WARN_EMPTY_BODY = YES;
				CLANG_WARN_ENUM_CONVERSION = YES;
				CLANG_WARN_INFINITE_RECURSION = YES;
				CLANG_WARN_INT_CONVERSION = YES;
				CLANG_WARN_NON_LITERAL_NULL_CONVERSION = YES;
				CLANG_WARN_OBJC_IMPLICIT_RETAIN_SELF = YES;
				CLANG_WARN_OBJC_LITERAL_CONVERSION = YES;
				CLANG_WARN_OBJC_ROOT_CLASS = YES_ERROR;
				CLANG_WARN_RANGE_LOOP_ANALYSIS = YES;
				CLANG_WARN_STRICT_PROTOTYPES = YES;
				CLANG_WARN_SUSPICIOUS_MOVE = YES;
				CLANG_WARN_UNGUARDED_AVAILABILITY = YES_AGGRESSIVE;
				CLANG_WARN_UNREACHABLE_CODE = YES;
				CLANG_WARN__DUPLICATE_METHOD_MATCH = YES;
				COPY_PHASE_STRIP = NO;
				DEBUG_INFORMATION_FORMAT = dwarf;
				ENABLE_STRICT_OBJC_MSGSEND = YES;
				ENABLE_TESTABILITY = YES;
				GCC_C_LANGUAGE_STANDARD = gnu11;
				GCC_DYNAMIC_NO_PIC = NO;
				GCC_NO_COMMON_BLOCKS = YES;
				GCC_OPTIMIZATION_LEVEL = 0;
				GCC_PREPROCESSOR_DEFINITIONS = (
					"DEBUG=1",
					"$(inherited)",
				);
				GCC_WARN_64_TO_32_BIT_CONVERSION = YES;
				GCC_WARN_ABOUT_RETURN_TYPE = YES_ERROR;
				GCC_WARN_UNDECLARED_SELECTOR = YES;
				GCC_WARN_UNINITIALIZED_AUTOS = YES_AGGRESSIVE;
				GCC_WARN_UNUSED_FUNCTION = YES;
				GCC_WARN_UNUSED_VARIABLE = YES;
				IPHONEOS_DEPLOYMENT_TARGET = 13.2;
				MTL_ENABLE_DEBUG_INFO = INCLUDE_SOURCE;
				MTL_FAST_MATH = YES;
				ONLY_ACTIVE_ARCH = YES;
				SDKROOT = iphoneos;
				SWIFT_ACTIVE_COMPILATION_CONDITIONS = DEBUG;
				SWIFT_OPTIMIZATION_LEVEL = "-Onone";
			};
			name = Debug;
		};
		541E351C23887ED400BBCE31 /* Release */ = {
			isa = XCBuildConfiguration;
			buildSettings = {
				ALWAYS_SEARCH_USER_PATHS = NO;
				CLANG_ANALYZER_NONNULL = YES;
				CLANG_ANALYZER_NUMBER_OBJECT_CONVERSION = YES_AGGRESSIVE;
				CLANG_CXX_LANGUAGE_STANDARD = "gnu++14";
				CLANG_CXX_LIBRARY = "libc++";
				CLANG_ENABLE_MODULES = YES;
				CLANG_ENABLE_OBJC_ARC = YES;
				CLANG_ENABLE_OBJC_WEAK = YES;
				CLANG_WARN_BLOCK_CAPTURE_AUTORELEASING = YES;
				CLANG_WARN_BOOL_CONVERSION = YES;
				CLANG_WARN_COMMA = YES;
				CLANG_WARN_CONSTANT_CONVERSION = YES;
				CLANG_WARN_DEPRECATED_OBJC_IMPLEMENTATIONS = YES;
				CLANG_WARN_DIRECT_OBJC_ISA_USAGE = YES_ERROR;
				CLANG_WARN_DOCUMENTATION_COMMENTS = YES;
				CLANG_WARN_EMPTY_BODY = YES;
				CLANG_WARN_ENUM_CONVERSION = YES;
				CLANG_WARN_INFINITE_RECURSION = YES;
				CLANG_WARN_INT_CONVERSION = YES;
				CLANG_WARN_NON_LITERAL_NULL_CONVERSION = YES;
				CLANG_WARN_OBJC_IMPLICIT_RETAIN_SELF = YES;
				CLANG_WARN_OBJC_LITERAL_CONVERSION = YES;
				CLANG_WARN_OBJC_ROOT_CLASS = YES_ERROR;
				CLANG_WARN_RANGE_LOOP_ANALYSIS = YES;
				CLANG_WARN_STRICT_PROTOTYPES = YES;
				CLANG_WARN_SUSPICIOUS_MOVE = YES;
				CLANG_WARN_UNGUARDED_AVAILABILITY = YES_AGGRESSIVE;
				CLANG_WARN_UNREACHABLE_CODE = YES;
				CLANG_WARN__DUPLICATE_METHOD_MATCH = YES;
				COPY_PHASE_STRIP = NO;
				DEBUG_INFORMATION_FORMAT = "dwarf-with-dsym";
				ENABLE_NS_ASSERTIONS = NO;
				ENABLE_STRICT_OBJC_MSGSEND = YES;
				GCC_C_LANGUAGE_STANDARD = gnu11;
				GCC_NO_COMMON_BLOCKS = YES;
				GCC_WARN_64_TO_32_BIT_CONVERSION = YES;
				GCC_WARN_ABOUT_RETURN_TYPE = YES_ERROR;
				GCC_WARN_UNDECLARED_SELECTOR = YES;
				GCC_WARN_UNINITIALIZED_AUTOS = YES_AGGRESSIVE;
				GCC_WARN_UNUSED_FUNCTION = YES;
				GCC_WARN_UNUSED_VARIABLE = YES;
				IPHONEOS_DEPLOYMENT_TARGET = 13.2;
				MTL_ENABLE_DEBUG_INFO = NO;
				MTL_FAST_MATH = YES;
				SDKROOT = iphoneos;
				SWIFT_COMPILATION_MODE = wholemodule;
				SWIFT_OPTIMIZATION_LEVEL = "-O";
				VALIDATE_PRODUCT = YES;
			};
			name = Release;
		};
		541E351E23887ED400BBCE31 /* Debug */ = {
			isa = XCBuildConfiguration;
			buildSettings = {
				ASSETCATALOG_COMPILER_APPICON_NAME = AppIcon;
				CODE_SIGN_STYLE = Automatic;
				DEVELOPMENT_ASSET_PATHS = "\"DeltNU-iOS/Preview Content\"";
				DEVELOPMENT_TEAM = 24SJ8US62Z;
				ENABLE_PREVIEWS = YES;
				INFOPLIST_FILE = "DeltNU-iOS/Info.plist";
				LD_RUNPATH_SEARCH_PATHS = (
					"$(inherited)",
					"@executable_path/Frameworks",
				);
				PRODUCT_BUNDLE_IDENTIFIER = "csawrey.DeltNU-iOS";
				PRODUCT_NAME = "$(TARGET_NAME)";
				SWIFT_VERSION = 5.0;
				TARGETED_DEVICE_FAMILY = "1,2";
			};
			name = Debug;
		};
		541E351F23887ED400BBCE31 /* Release */ = {
			isa = XCBuildConfiguration;
			buildSettings = {
				ASSETCATALOG_COMPILER_APPICON_NAME = AppIcon;
				CODE_SIGN_STYLE = Automatic;
				DEVELOPMENT_ASSET_PATHS = "\"DeltNU-iOS/Preview Content\"";
				DEVELOPMENT_TEAM = 24SJ8US62Z;
				ENABLE_PREVIEWS = YES;
				INFOPLIST_FILE = "DeltNU-iOS/Info.plist";
				LD_RUNPATH_SEARCH_PATHS = (
					"$(inherited)",
					"@executable_path/Frameworks",
				);
				PRODUCT_BUNDLE_IDENTIFIER = "csawrey.DeltNU-iOS";
				PRODUCT_NAME = "$(TARGET_NAME)";
				SWIFT_VERSION = 5.0;
				TARGETED_DEVICE_FAMILY = "1,2";
			};
			name = Release;
		};
/* End XCBuildConfiguration section */

/* Begin XCConfigurationList section */
		541E350423887ED100BBCE31 /* Build configuration list for PBXProject "DeltNU-iOS" */ = {
			isa = XCConfigurationList;
			buildConfigurations = (
				541E351B23887ED400BBCE31 /* Debug */,
				541E351C23887ED400BBCE31 /* Release */,
			);
			defaultConfigurationIsVisible = 0;
			defaultConfigurationName = Release;
		};
		541E351D23887ED400BBCE31 /* Build configuration list for PBXNativeTarget "DeltNU-iOS" */ = {
			isa = XCConfigurationList;
			buildConfigurations = (
				541E351E23887ED400BBCE31 /* Debug */,
				541E351F23887ED400BBCE31 /* Release */,
			);
			defaultConfigurationIsVisible = 0;
			defaultConfigurationName = Release;
		};
/* End XCConfigurationList section */
	};
	rootObject = 541E350123887ED100BBCE31 /* Project object */;
}
